GEM
  remote: https://rubygems.org/
  specs:
    erubi (1.13.1)
    mini_portile2 (2.8.9)
    nokogiri (1.16.2)
      mini_portile2 (~> 2.8.2)
      racc (~> 1.4)
    racc (1.8.1)
    rake (13.3.1)

PLATFORMS
  arm64-darwin-23
  ruby

DEPENDENCIES
  erubi (= 1.13.1)
  nokogiri (= 1.16.2)
  rake (= 13.3.1)

CHECKSUMS
  bundler (4.0.20) sha256=7978a8ac648767f5e635bc522445b79e80a52b907a39a36c2d8085ed6bc762ae
  erubi (1.13.1) sha256=a082103b0885dbc5ecf1172fede897f9ebdb745a4b97a5e8dc63953db1ee4ad9
  mini_portile2 (2.8.9) sha256=0cd7c7f824e010c072e33f68bc02d85a00aeb6fce05bb4819c03dfd3c140c289
  nokogiri (1.16.2) sha256=68922ee5cde27497d995c46f2821957bae961947644eed2822d173daf7567f9c
  racc (1.8.1) sha256=4a7f6929691dbec8b5209a0b373bc2614882b55fc5d2e447a21aaa691303d62f
  rake (13.3.1) sha256=8c9e89d09f66a26a01264e7e3480ec0607f0c497a861ef16063604b1b08eb19c

BUNDLED WITH
  4.0.20
